
Microsoft Visual Studio Solution File, Format Version 12.00
# Visual Studio Version 16
VisualStudioVersion = 16.0.30523.141
MinimumVisualStudioVersion = 10.0.40219.1
Project("{FAE04EC0-301F-11D3-BF4B-00C04F79EFBC}") = "dotNet5781_01_6077_5711", "dotNet5781_01_6077_5711\dotNet5781_01_6077_5711.csproj", "{3D38E48B-7A13-4D47-A809-D719524AA58D}"
EndProject
Project("{FAE04EC0-301F-11D3-BF4B-00C04F79EFBC}") = "dotNet5781_00_6077_5711", "dotNet5781_6077_5711\dotNet5781_00_6077_5711.csproj", "{0E477972-EA5C-4BB6-B544-3D58E007955F}"
EndProject
Project("{FAE04EC0-301F-11D3-BF4B-00C04F79EFBC}") = "dotNet5781_02_6077_5711", "dotNet_5781_02_6077_5711\dotNet5781_02_6077_5711.csproj", "{4D64D178-614C-43B2-9E2E-A7ED82837E09}"
EndProject
Project("{FAE04EC0-301F-11D3-BF4B-00C04F79EFBC}") = "dotNet5781_03_A_6077_5711", "dotNet5781_03_6077_5711\dotNet5781_03_A_6077_5711.csproj", "{54C683C5-5F00-4380-8240-697A8B7AD87C}"
EndProject
Project("{FAE04EC0-301F-11D3-BF4B-00C04F79EFBC}") = "dotNet5781_03_B_6077_5711", "dotNet5781_03_B_6077_5711\dotNet5781_03_B_6077_5711.csproj", "{FBD443DF-8EAF-4BBD-B72B-2C23E691ECB9}"
EndProject
Project("{2150E333-8FDC-42A3-9474-1A3956D46DE8}") = "assignments", "assignments", "{1C2438CE-FBDA-4084-9A28-1B0D327363D6}"
EndProject
Project("{2150E333-8FDC-42A3-9474-1A3956D46DE8}") = "project", "project", "{3B198755-5965-446F-9A16-25E4C451AF3F}"
EndProject
Project("{FAE04EC0-301F-11D3-BF4B-00C04F79EFBC}") = "DalApi", "DalApi\DalApi.csproj", "{D46F36DE-F9FB-4058-B98B-7564C3846778}"
EndProject
Project("{2150E333-8FDC-42A3-9474-1A3956D46DE8}") = "DataLayer", "DataLayer", "{770B1B0E-AFE6-4942-8260-18C715B1BD0C}"
EndProject
Project("{2150E333-8FDC-42A3-9474-1A3956D46DE8}") = "BuisnessLayer", "BuisnessLayer", "{F739C541-C546-4673-A906-43DA21A64872}"
EndProject
Project("{2150E333-8FDC-42A3-9474-1A3956D46DE8}") = "GUILayer", "GUILayer", "{603EA408-8C69-40A4-8682-FD63C1BC1648}"
EndProject
Project("{FAE04EC0-301F-11D3-BF4B-00C04F79EFBC}") = "BuisnessLayer", "Buisness_Layer\BuisnessLayer.csproj", "{92103FE0-C775-44B1-ADD6-98973B2E610C}"
EndProject
Project("{FAE04EC0-301F-11D3-BF4B-00C04F79EFBC}") = "Wpf", "Wpf\Wpf.csproj", "{54A5A8F0-D072-4FDE-83E0-E0F74E1DCE57}"
	ProjectSection(ProjectDependencies) = postProject
		{091B0353-FFC2-41E5-8EC2-EB35BB2E9FA9} = {091B0353-FFC2-41E5-8EC2-EB35BB2E9FA9}
		{1201E1F1-4208-4359-B229-EFDDEB371E9E} = {1201E1F1-4208-4359-B229-EFDDEB371E9E}
	EndProjectSection
EndProject
Project("{2150E333-8FDC-42A3-9474-1A3956D46DE8}") = "namespace DAL", "namespace DAL", "{9706B326-DA36-4809-B9CC-95FB6AAE4806}"
EndProject
Project("{2150E333-8FDC-42A3-9474-1A3956D46DE8}") = "Namespace Ds", "Namespace Ds", "{1F41DEC9-D3AE-47EF-AC96-AD9328E32E79}"
EndProject
Project("{FAE04EC0-301F-11D3-BF4B-00C04F79EFBC}") = "DLObject", "DLObject\DLObject.csproj", "{091B0353-FFC2-41E5-8EC2-EB35BB2E9FA9}"
EndProject
Project("{FAE04EC0-301F-11D3-BF4B-00C04F79EFBC}") = "DLXml", "DLXml\DLXml.csproj", "{1201E1F1-4208-4359-B229-EFDDEB371E9E}"
EndProject
Project("{FAE04EC0-301F-11D3-BF4B-00C04F79EFBC}") = "DS", "DS\DS.csproj", "{E953A618-3057-4F29-A08F-8B801636AC7B}"
EndProject
Project("{2150E333-8FDC-42A3-9474-1A3956D46DE8}") = "MyImages", "MyImages", "{F447A8E6-CB1F-4D89-8F35-BB70ECC0E1DC}"
	ProjectSection(SolutionItems) = preProject
		Wpf\Mangager\Managing\MyImages\Bus.png = Wpf\Mangager\Managing\MyImages\Bus.png
		Wpf\Mangager\Managing\MyImages\BusBackground.png = Wpf\Mangager\Managing\MyImages\BusBackground.png
		Wpf\Mangager\Managing\MyImages\busListBackground.png = Wpf\Mangager\Managing\MyImages\busListBackground.png
		Wpf\Mangager\Managing\MyImages\fuel.png = Wpf\Mangager\Managing\MyImages\fuel.png
		Wpf\Mangager\Managing\MyImages\green_background.png = Wpf\Mangager\Managing\MyImages\green_background.png
		Wpf\Mangager\Managing\MyImages\school_building_of_primary_with_bus_icon_w1ghj2_wHa_icon.ico = Wpf\Mangager\Managing\MyImages\school_building_of_primary_with_bus_icon_w1ghj2_wHa_icon.ico
		Wpf\Mangager\Managing\MyImages\stop_sign-removebg-preview.png = Wpf\Mangager\Managing\MyImages\stop_sign-removebg-preview.png
	EndProjectSection
EndProject
Project("{2150E333-8FDC-42A3-9474-1A3956D46DE8}") = "Solution Items", "Solution Items", "{67B754B6-12AF-4BAA-8132-4E141DFC2A4E}"
	ProjectSection(SolutionItems) = preProject
		bin\Debug\xml\BusesXml.xml = bin\Debug\xml\BusesXml.xml
		bin\Debug\xml\BusTravelXml.xml = bin\Debug\xml\BusTravelXml.xml
		bin\Debug\config.xml = bin\Debug\config.xml
		bin\Debug\xml\LineDepartureXml.xml = bin\Debug\xml\LineDepartureXml.xml
		bin\Debug\xml\LineStationXml.xml = bin\Debug\xml\LineStationXml.xml
		bin\Debug\xml\LineXml.xml = bin\Debug\xml\LineXml.xml
		Remarks.docx = Remarks.docx
		bin\Debug\xml\SequentialStopInfoXml.xml = bin\Debug\xml\SequentialStopInfoXml.xml
		bin\Debug\xml\StopXml.xml = bin\Debug\xml\StopXml.xml
		bin\Debug\xml\UserTravelXml.xml = bin\Debug\xml\UserTravelXml.xml
		bin\Debug\xml\UserXml.xml = bin\Debug\xml\UserXml.xml
	EndProjectSection
EndProject
Global
	GlobalSection(SolutionConfigurationPlatforms) = preSolution
		Debug|Any CPU = Debug|Any CPU
		Release|Any CPU = Release|Any CPU
	EndGlobalSection
	GlobalSection(ProjectConfigurationPlatforms) = postSolution
		{3D38E48B-7A13-4D47-A809-D719524AA58D}.Debug|Any CPU.ActiveCfg = Debug|Any CPU
		{3D38E48B-7A13-4D47-A809-D719524AA58D}.Debug|Any CPU.Build.0 = Debug|Any CPU
		{3D38E48B-7A13-4D47-A809-D719524AA58D}.Release|Any CPU.ActiveCfg = Release|Any CPU
		{3D38E48B-7A13-4D47-A809-D719524AA58D}.Release|Any CPU.Build.0 = Release|Any CPU
		{0E477972-EA5C-4BB6-B544-3D58E007955F}.Debug|Any CPU.ActiveCfg = Debug|Any CPU
		{0E477972-EA5C-4BB6-B544-3D58E007955F}.Debug|Any CPU.Build.0 = Debug|Any CPU
		{0E477972-EA5C-4BB6-B544-3D58E007955F}.Release|Any CPU.ActiveCfg = Release|Any CPU
		{0E477972-EA5C-4BB6-B544-3D58E007955F}.Release|Any CPU.Build.0 = Release|Any CPU
		{4D64D178-614C-43B2-9E2E-A7ED82837E09}.Debug|Any CPU.ActiveCfg = Debug|Any CPU
		{4D64D178-614C-43B2-9E2E-A7ED82837E09}.Debug|Any CPU.Build.0 = Debug|Any CPU
		{4D64D178-614C-43B2-9E2E-A7ED82837E09}.Release|Any CPU.ActiveCfg = Release|Any CPU
		{4D64D178-614C-43B2-9E2E-A7ED82837E09}.Release|Any CPU.Build.0 = Release|Any CPU
		{54C683C5-5F00-4380-8240-697A8B7AD87C}.Debug|Any CPU.ActiveCfg = Debug|Any CPU
		{54C683C5-5F00-4380-8240-697A8B7AD87C}.Debug|Any CPU.Build.0 = Debug|Any CPU
		{54C683C5-5F00-4380-8240-697A8B7AD87C}.Release|Any CPU.ActiveCfg = Release|Any CPU
		{54C683C5-5F00-4380-8240-697A8B7AD87C}.Release|Any CPU.Build.0 = Release|Any CPU
		{FBD443DF-8EAF-4BBD-B72B-2C23E691ECB9}.Debug|Any CPU.ActiveCfg = Debug|Any CPU
		{FBD443DF-8EAF-4BBD-B72B-2C23E691ECB9}.Debug|Any CPU.Build.0 = Debug|Any CPU
		{FBD443DF-8EAF-4BBD-B72B-2C23E691ECB9}.Release|Any CPU.ActiveCfg = Release|Any CPU
		{FBD443DF-8EAF-4BBD-B72B-2C23E691ECB9}.Release|Any CPU.Build.0 = Release|Any CPU
		{D46F36DE-F9FB-4058-B98B-7564C3846778}.Debug|Any CPU.ActiveCfg = Debug|Any CPU
		{D46F36DE-F9FB-4058-B98B-7564C3846778}.Debug|Any CPU.Build.0 = Debug|Any CPU
		{D46F36DE-F9FB-4058-B98B-7564C3846778}.Release|Any CPU.ActiveCfg = Release|Any CPU
		{D46F36DE-F9FB-4058-B98B-7564C3846778}.Release|Any CPU.Build.0 = Release|Any CPU
		{92103FE0-C775-44B1-ADD6-98973B2E610C}.Debug|Any CPU.ActiveCfg = Debug|Any CPU
		{92103FE0-C775-44B1-ADD6-98973B2E610C}.Debug|Any CPU.Build.0 = Debug|Any CPU
		{92103FE0-C775-44B1-ADD6-98973B2E610C}.Release|Any CPU.ActiveCfg = Release|Any CPU
		{92103FE0-C775-44B1-ADD6-98973B2E610C}.Release|Any CPU.Build.0 = Release|Any CPU
		{54A5A8F0-D072-4FDE-83E0-E0F74E1DCE57}.Debug|Any CPU.ActiveCfg = Debug|Any CPU
		{54A5A8F0-D072-4FDE-83E0-E0F74E1DCE57}.Debug|Any CPU.Build.0 = Debug|Any CPU
		{54A5A8F0-D072-4FDE-83E0-E0F74E1DCE57}.Release|Any CPU.ActiveCfg = Release|Any CPU
		{54A5A8F0-D072-4FDE-83E0-E0F74E1DCE57}.Release|Any CPU.Build.0 = Release|Any CPU
		{091B0353-FFC2-41E5-8EC2-EB35BB2E9FA9}.Debug|Any CPU.ActiveCfg = Debug|Any CPU
		{091B0353-FFC2-41E5-8EC2-EB35BB2E9FA9}.Debug|Any CPU.Build.0 = Debug|Any CPU
		{091B0353-FFC2-41E5-8EC2-EB35BB2E9FA9}.Release|Any CPU.ActiveCfg = Release|Any CPU
		{091B0353-FFC2-41E5-8EC2-EB35BB2E9FA9}.Release|Any CPU.Build.0 = Release|Any CPU
		{1201E1F1-4208-4359-B229-EFDDEB371E9E}.Debug|Any CPU.ActiveCfg = Debug|Any CPU
		{1201E1F1-4208-4359-B229-EFDDEB371E9E}.Debug|Any CPU.Build.0 = Debug|Any CPU
		{1201E1F1-4208-4359-B229-EFDDEB371E9E}.Release|Any CPU.ActiveCfg = Release|Any CPU
		{1201E1F1-4208-4359-B229-EFDDEB371E9E}.Release|Any CPU.Build.0 = Release|Any CPU
		{E953A618-3057-4F29-A08F-8B801636AC7B}.Debug|Any CPU.ActiveCfg = Debug|Any CPU
		{E953A618-3057-4F29-A08F-8B801636AC7B}.Debug|Any CPU.Build.0 = Debug|Any CPU
		{E953A618-3057-4F29-A08F-8B801636AC7B}.Release|Any CPU.ActiveCfg = Release|Any CPU
		{E953A618-3057-4F29-A08F-8B801636AC7B}.Release|Any CPU.Build.0 = Release|Any CPU
	EndGlobalSection
	GlobalSection(SolutionProperties) = preSolution
		HideSolutionNode = FALSE
	EndGlobalSection
	GlobalSection(NestedProjects) = preSolution
		{3D38E48B-7A13-4D47-A809-D719524AA58D} = {1C2438CE-FBDA-4084-9A28-1B0D327363D6}
		{0E477972-EA5C-4BB6-B544-3D58E007955F} = {1C2438CE-FBDA-4084-9A28-1B0D327363D6}
		{4D64D178-614C-43B2-9E2E-A7ED82837E09} = {1C2438CE-FBDA-4084-9A28-1B0D327363D6}
		{54C683C5-5F00-4380-8240-697A8B7AD87C} = {1C2438CE-FBDA-4084-9A28-1B0D327363D6}
		{FBD443DF-8EAF-4BBD-B72B-2C23E691ECB9} = {1C2438CE-FBDA-4084-9A28-1B0D327363D6}
		{D46F36DE-F9FB-4058-B98B-7564C3846778} = {770B1B0E-AFE6-4942-8260-18C715B1BD0C}
		{770B1B0E-AFE6-4942-8260-18C715B1BD0C} = {3B198755-5965-446F-9A16-25E4C451AF3F}
		{F739C541-C546-4673-A906-43DA21A64872} = {3B198755-5965-446F-9A16-25E4C451AF3F}
		{603EA408-8C69-40A4-8682-FD63C1BC1648} = {3B198755-5965-446F-9A16-25E4C451AF3F}
		{92103FE0-C775-44B1-ADD6-98973B2E610C} = {F739C541-C546-4673-A906-43DA21A64872}
		{54A5A8F0-D072-4FDE-83E0-E0F74E1DCE57} = {603EA408-8C69-40A4-8682-FD63C1BC1648}
		{9706B326-DA36-4809-B9CC-95FB6AAE4806} = {770B1B0E-AFE6-4942-8260-18C715B1BD0C}
		{1F41DEC9-D3AE-47EF-AC96-AD9328E32E79} = {770B1B0E-AFE6-4942-8260-18C715B1BD0C}
		{091B0353-FFC2-41E5-8EC2-EB35BB2E9FA9} = {9706B326-DA36-4809-B9CC-95FB6AAE4806}
		{1201E1F1-4208-4359-B229-EFDDEB371E9E} = {9706B326-DA36-4809-B9CC-95FB6AAE4806}
		{E953A618-3057-4F29-A08F-8B801636AC7B} = {1F41DEC9-D3AE-47EF-AC96-AD9328E32E79}
		{67B754B6-12AF-4BAA-8132-4E141DFC2A4E} = {3B198755-5965-446F-9A16-25E4C451AF3F}
	EndGlobalSection
	GlobalSection(ExtensibilityGlobals) = postSolution
		SolutionGuid = {9AA85A13-2AB4-440C-B9AE-14781D7411C8}
	EndGlobalSection
EndGlobal
